
Microsoft Visual Studio Solution File, Format Version 12.00
# Visual Studio Version 17
VisualStudioVersion = 17.6.33829.357
MinimumVisualStudioVersion = 10.0.40219.1
Project("{9A19103F-16F7-4668-BE54-9A1E7A4F7556}") = "AZ204Demo", "AZ204Demo\AZ204Demo.csproj", "{4BF4D2EC-5BEC-4749-8E4F-7B4A4BEA0539}"
EndProject
Project("{9A19103F-16F7-4668-BE54-9A1E7A4F7556}") = "AZ204Demo.CosmosDbOutput", "AZ204Demo.CosmosDbOutput\AZ204Demo.CosmosDbOutput.csproj", "{D83CB919-DFE9-4C3F-BC55-F8AAC2DF8C15}"
EndProject
Project("{9A19103F-16F7-4668-BE54-9A1E7A4F7556}") = "AZ204Demo.MessageGenerator", "AZ204Demo.MessageGenerator\AZ204Demo.MessageGenerator.csproj", "{2ADB2C66-777F-496D-88D3-5C92283C9E21}"
EndProject
Project("{9A19103F-16F7-4668-BE54-9A1E7A4F7556}") = "AZ204Demo.Scaling", "AZ204Demo.Scaling\AZ204Demo.Scaling.csproj", "{FD51192C-9FC0-4110-9DE5-CC350B508EF1}"
EndProject
Project("{9A19103F-16F7-4668-BE54-9A1E7A4F7556}") = "AZ204Demo.BlobOutput", "AZ204Demo.BlobOutput\AZ204Demo.BlobOutput.csproj", "{2A53F5E9-05BD-474A-9D5D-9B47C95CC914}"
EndProject
Project("{9A19103F-16F7-4668-BE54-9A1E7A4F7556}") = "AZ204Demo.Configuration", "AZ204Demo.Configuration\AZ204Demo.Configuration.csproj", "{396E165F-D4A3-4FB2-B6BF-8869A77D1E81}"
EndProject
Project("{9A19103F-16F7-4668-BE54-9A1E7A4F7556}") = "AZ204Demo.WebAPI", "AZ204Demo.WebAPI\AZ204Demo.WebAPI.csproj", "{68EFB6CD-3C90-48CD-AA89-54AFCB3AD994}"
EndProject
Project("{9A19103F-16F7-4668-BE54-9A1E7A4F7556}") = "AZ204Demo.Events", "AZ204Demo.Events\AZ204Demo.Events.csproj", "{0C0AFDCE-EB57-46B6-9CE5-8AF949D3A32C}"
EndProject
Project("{9A19103F-16F7-4668-BE54-9A1E7A4F7556}") = "AZ204Demo.EventHubProcessor", "AZ204Demo.EventHubProcessor\AZ204Demo.EventHubProcessor.csproj", "{611F68B3-C625-4488-8331-ECBB53376032}"
EndProject
Project("{FAE04EC0-301F-11D3-BF4B-00C04F79EFBC}") = "AZ204Demo.StorageQueueMessageSender", "AZ204Demo.StorageQueueMessageSender\AZ204Demo.StorageQueueMessageSender.csproj", "{3120A43F-F37D-4E6D-A0B8-04CAAB6ADDB7}"
EndProject
Project("{FAE04EC0-301F-11D3-BF4B-00C04F79EFBC}") = "AZ204Demo.StorageQueueMessageReceiver", "AZ204Demo.StorageQueueMessageReceiver\AZ204Demo.StorageQueueMessageReceiver.csproj", "{1CC9059A-B240-411C-AC20-6B225B96666A}"
EndProject
Project("{FAE04EC0-301F-11D3-BF4B-00C04F79EFBC}") = "AZ204Demo.ServiceBusMessageSender", "AZ204Demo.ServiceBusMessageSender\AZ204Demo.ServiceBusMessageSender.csproj", "{24CF18E9-30AA-41C4-A5EA-3993E01AE5E1}"
EndProject
Project("{FAE04EC0-301F-11D3-BF4B-00C04F79EFBC}") = "AZ204Demo.ServiceBusMessageReceiver", "AZ204Demo.ServiceBusMessageReceiver\AZ204Demo.ServiceBusMessageReceiver.csproj", "{7F2F415D-B132-490E-8F5C-A6998A24E026}"
EndProject
Global
	GlobalSection(SolutionConfigurationPlatforms) = preSolution
		Debug|Any CPU = Debug|Any CPU
		Release|Any CPU = Release|Any CPU
	EndGlobalSection
	GlobalSection(ProjectConfigurationPlatforms) = postSolution
		{4BF4D2EC-5BEC-4749-8E4F-7B4A4BEA0539}.Debug|Any CPU.ActiveCfg = Debug|Any CPU
		{4BF4D2EC-5BEC-4749-8E4F-7B4A4BEA0539}.Debug|Any CPU.Build.0 = Debug|Any CPU
		{4BF4D2EC-5BEC-4749-8E4F-7B4A4BEA0539}.Release|Any CPU.ActiveCfg = Release|Any CPU
		{4BF4D2EC-5BEC-4749-8E4F-7B4A4BEA0539}.Release|Any CPU.Build.0 = Release|Any CPU
		{D83CB919-DFE9-4C3F-BC55-F8AAC2DF8C15}.Debug|Any CPU.ActiveCfg = Debug|Any CPU
		{D83CB919-DFE9-4C3F-BC55-F8AAC2DF8C15}.Debug|Any CPU.Build.0 = Debug|Any CPU
		{D83CB919-DFE9-4C3F-BC55-F8AAC2DF8C15}.Release|Any CPU.ActiveCfg = Release|Any CPU
		{D83CB919-DFE9-4C3F-BC55-F8AAC2DF8C15}.Release|Any CPU.Build.0 = Release|Any CPU
		{2ADB2C66-777F-496D-88D3-5C92283C9E21}.Debug|Any CPU.ActiveCfg = Debug|Any CPU
		{2ADB2C66-777F-496D-88D3-5C92283C9E21}.Debug|Any CPU.Build.0 = Debug|Any CPU
		{2ADB2C66-777F-496D-88D3-5C92283C9E21}.Release|Any CPU.ActiveCfg = Release|Any CPU
		{2ADB2C66-777F-496D-88D3-5C92283C9E21}.Release|Any CPU.Build.0 = Release|Any CPU
		{FD51192C-9FC0-4110-9DE5-CC350B508EF1}.Debug|Any CPU.ActiveCfg = Debug|Any CPU
		{FD51192C-9FC0-4110-9DE5-CC350B508EF1}.Debug|Any CPU.Build.0 = Debug|Any CPU
		{FD51192C-9FC0-4110-9DE5-CC350B508EF1}.Release|Any CPU.ActiveCfg = Release|Any CPU
		{FD51192C-9FC0-4110-9DE5-CC350B508EF1}.Release|Any CPU.Build.0 = Release|Any CPU
		{2A53F5E9-05BD-474A-9D5D-9B47C95CC914}.Debug|Any CPU.ActiveCfg = Debug|Any CPU
		{2A53F5E9-05BD-474A-9D5D-9B47C95CC914}.Debug|Any CPU.Build.0 = Debug|Any CPU
		{2A53F5E9-05BD-474A-9D5D-9B47C95CC914}.Release|Any CPU.ActiveCfg = Release|Any CPU
		{2A53F5E9-05BD-474A-9D5D-9B47C95CC914}.Release|Any CPU.Build.0 = Release|Any CPU
		{396E165F-D4A3-4FB2-B6BF-8869A77D1E81}.Debug|Any CPU.ActiveCfg = Debug|Any CPU
		{396E165F-D4A3-4FB2-B6BF-8869A77D1E81}.Debug|Any CPU.Build.0 = Debug|Any CPU
		{396E165F-D4A3-4FB2-B6BF-8869A77D1E81}.Release|Any CPU.ActiveCfg = Release|Any CPU
		{396E165F-D4A3-4FB2-B6BF-8869A77D1E81}.Release|Any CPU.Build.0 = Release|Any CPU
		{68EFB6CD-3C90-48CD-AA89-54AFCB3AD994}.Debug|Any CPU.ActiveCfg = Debug|Any CPU
		{68EFB6CD-3C90-48CD-AA89-54AFCB3AD994}.Debug|Any CPU.Build.0 = Debug|Any CPU
		{68EFB6CD-3C90-48CD-AA89-54AFCB3AD994}.Release|Any CPU.ActiveCfg = Release|Any CPU
		{68EFB6CD-3C90-48CD-AA89-54AFCB3AD994}.Release|Any CPU.Build.0 = Release|Any CPU
		{0C0AFDCE-EB57-46B6-9CE5-8AF949D3A32C}.Debug|Any CPU.ActiveCfg = Debug|Any CPU
		{0C0AFDCE-EB57-46B6-9CE5-8AF949D3A32C}.Debug|Any CPU.Build.0 = Debug|Any CPU
		{0C0AFDCE-EB57-46B6-9CE5-8AF949D3A32C}.Release|Any CPU.ActiveCfg = Release|Any CPU
		{0C0AFDCE-EB57-46B6-9CE5-8AF949D3A32C}.Release|Any CPU.Build.0 = Release|Any CPU
		{611F68B3-C625-4488-8331-ECBB53376032}.Debug|Any CPU.ActiveCfg = Debug|Any CPU
		{611F68B3-C625-4488-8331-ECBB53376032}.Debug|Any CPU.Build.0 = Debug|Any CPU
		{611F68B3-C625-4488-8331-ECBB53376032}.Release|Any CPU.ActiveCfg = Release|Any CPU
		{611F68B3-C625-4488-8331-ECBB53376032}.Release|Any CPU.Build.0 = Release|Any CPU
		{3120A43F-F37D-4E6D-A0B8-04CAAB6ADDB7}.Debug|Any CPU.ActiveCfg = Debug|Any CPU
		{3120A43F-F37D-4E6D-A0B8-04CAAB6ADDB7}.Debug|Any CPU.Build.0 = Debug|Any CPU
		{3120A43F-F37D-4E6D-A0B8-04CAAB6ADDB7}.Release|Any CPU.ActiveCfg = Release|Any CPU
		{3120A43F-F37D-4E6D-A0B8-04CAAB6ADDB7}.Release|Any CPU.Build.0 = Release|Any CPU
		{1CC9059A-B240-411C-AC20-6B225B96666A}.Debug|Any CPU.ActiveCfg = Debug|Any CPU
		{1CC9059A-B240-411C-AC20-6B225B96666A}.Debug|Any CPU.Build.0 = Debug|Any CPU
		{1CC9059A-B240-411C-AC20-6B225B96666A}.Release|Any CPU.ActiveCfg = Release|Any CPU
		{1CC9059A-B240-411C-AC20-6B225B96666A}.Release|Any CPU.Build.0 = Release|Any CPU
		{24CF18E9-30AA-41C4-A5EA-3993E01AE5E1}.Debug|Any CPU.ActiveCfg = Debug|Any CPU
		{24CF18E9-30AA-41C4-A5EA-3993E01AE5E1}.Debug|Any CPU.Build.0 = Debug|Any CPU
		{24CF18E9-30AA-41C4-A5EA-3993E01AE5E1}.Release|Any CPU.ActiveCfg = Release|Any CPU
		{24CF18E9-30AA-41C4-A5EA-3993E01AE5E1}.Release|Any CPU.Build.0 = Release|Any CPU
		{7F2F415D-B132-490E-8F5C-A6998A24E026}.Debug|Any CPU.ActiveCfg = Debug|Any CPU
		{7F2F415D-B132-490E-8F5C-A6998A24E026}.Debug|Any CPU.Build.0 = Debug|Any CPU
		{7F2F415D-B132-490E-8F5C-A6998A24E026}.Release|Any CPU.ActiveCfg = Release|Any CPU
		{7F2F415D-B132-490E-8F5C-A6998A24E026}.Release|Any CPU.Build.0 = Release|Any CPU
	EndGlobalSection
	GlobalSection(SolutionProperties) = preSolution
		HideSolutionNode = FALSE
	EndGlobalSection
	GlobalSection(ExtensibilityGlobals) = postSolution
		SolutionGuid = {8DEDD43C-56AB-4000-977B-83EEE8422281}
	EndGlobalSection
EndGlobal
